{
  "name": "solar-system-engine",
  "version": "1.0.0",
  "lockfileVersion": 2,
  "requires": true,
  "packages": {
    "": {
      "name": "solar-system-engine",
      "version": "1.0.0",
      "license": "ISC",
      "devDependencies": {
        "@babylonjs/core": "^5.23.0"
      }
    },
    "node_modules/@babylonjs/core": {
      "version": "5.23.0",
      "resolved": "https://registry.npmjs.org/@babylonjs/core/-/core-5.23.0.tgz",
      "integrity": "sha512-7sU816nA8P//LIa1bzIMNy8zr8Hr17Qwf4cYDeENIdZJxkY1miubXfG7oz2J9ZNKK2I/8T17iTcFYDKOnFU09w==",
      "dev": true
    }
  },
  "dependencies": {
    "@babylonjs/core": {
      "version": "5.23.0",
      "resolved": "https://registry.npmjs.org/@babylonjs/core/-/core-5.23.0.tgz",
      "integrity": "sha512-7sU816nA8P//LIa1bzIMNy8zr8Hr17Qwf4cYDeENIdZJxkY1miubXfG7oz2J9ZNKK2I/8T17iTcFYDKOnFU09w==",
      "dev": true
    }
  }
}
